[[package]]
name = "psycopg"
version = "3.0.9"
description = "PostgreSQL database adapter for Python"
category = "main"
optional = false
python-versions = ">=3.6"

[package.dependencies]
tzdata = {version = "*", markers = "sys_platform == \"win32\""}

[package.extras]
binary = ["psycopg-binary (==3.0.9)"]
c = ["psycopg-c (==3.0.9)"]
dev = ["black (>=21.12b0)", "dnspython (>=2.1)", "flake8 (>=4.0)", "mypy (>=0.920,!=0.930,!=0.931)", "types-setuptools (>=57.4)", "wheel (>=0.37)"]
docs = ["Sphinx (>=4.2)", "furo (==2021.11.23)", "sphinx-autobuild (>=2021.3.14)", "sphinx-autodoc-typehints (>=1.12)", "dnspython (>=2.1)", "shapely (>=1.7)"]
pool = ["psycopg-pool"]
test = ["mypy (>=0.920,!=0.930,!=0.931)", "pproxy (>=2.7)", "pytest (>=6.2.5)", "pytest-asyncio (>=0.16,<0.17)", "pytest-cov (>=3.0)", "pytest-randomly (>=3.10)"]

[[package]]
name = "psycopg-binary"
version = "3.0.9"
description = "PostgreSQL database adapter for Python -- C optimisation distribution"
category = "main"
optional = false
python-versions = ">=3.6"

[[package]]
name = "tzdata"
version = "2021.5"
description = "Provider of IANA time zone data"
category = "main"
optional = false
python-versions = ">=2"

[metadata]
lock-version = "1.1"
python-versions = "^3.9"
content-hash = "fde40398bfdc9d9b0e703d5fd5e35bb7e5d5b3907aefa4b98acbfd58370a3f89"

[metadata.files]
psycopg = [
    {file = "psycopg-3.0.9-py3-none-any.whl", hash = "sha256:801ea3fa3ea7f562506dce6f0121d652b2525073294c7c08ce1d4250f6614405"},
    {file = "psycopg-3.0.9.tar.gz", hash = "sha256:9f72c6bdccfdab405c654ea2e9ed2293a3e9f993f66a37621f796732ce8e1855"},
]
psycopg-binary = [
    {file = "psycopg_binary-3.0.9-cp310-cp310-macosx_10_9_x86_64.whl", hash = "sha256:c34ac2e29b11955eff7ca265ecca91279b8dafe5c75caa140a369db9105bb26f"},
    {file = "psycopg_binary-3.0.9-cp310-cp310-manylinux_2_24_aarch64.whl", hash = "sha256:dcd2bd819575ef37d891d186ae77e3acf7021a984bd79e8798ccd9b19a360c2a"},
    {file = "psycopg_binary-3.0.9-cp310-cp310-manylinux_2_24_i686.whl", hash = "sha256:20340e38eba968bf149d4c89071b302d6702053447f07c594dd7c1c69562d2ff"},
    {file = "psycopg_binary-3.0.9-cp310-cp310-manylinux_2_24_ppc64le.whl", hash = "sha256:b800d5c807630098c2769628535263ade025fbadc561554cb6bd2b728da49c0f"},
    {file = "psycopg_binary-3.0.9-cp310-cp310-manylinux_2_24_x86_64.whl", hash = "sha256:55902555f0f2bff8da136cdb90b80bfbd99929313d014ed3ac6e7eefc9e13a5d"},
    {file = "psycopg_binary-3.0.9-cp310-cp310-musllinux_1_1_aarch64.whl", hash = "sha256:3d6ea91b5bc74efd371574d41b3e77166140fd1226d76f57f570ef1375407792"},
    {file = "psycopg_binary-3.0.9-cp310-cp310-musllinux_1_1_i686.whl", hash = "sha256:b78426b38186e9118095bce577506070cc1267d6de0d29cd20540d5d5a017b94"},
    {file = "psycopg_binary-3.0.9-cp310-cp310-musllinux_1_1_ppc64le.whl", hash = "sha256:92ebc5694e9e2d0a0cb24d6fc30d8fc80c6e2cd44ecf2fcb97297e305a30ee90"},
    {file = "psycopg_binary-3.0.9-cp310-cp310-musllinux_1_1_x86_64.whl", hash = "sha256:765bad74511f29a6ecf2b89a5a6d3e20bbc1a08af8e8e3b57b809250aa34bb02"},
    {file = "psycopg_binary-3.0.9-cp310-cp310-win_amd64.whl", hash = "sha256:436073784620d7b0f471ce97ac0aa6634629c19162990024731462283c65476a"},
    {file = "psycopg_binary-3.0.9-cp36-cp36m-macosx_10_9_x86_64.whl", hash = "sha256:1b01ee165bd0706ac8a14d99e02320cacc552608b0537ce6226a6eb5ca55ea59"},
    {file = "psycopg_binary-3.0.9-cp36-cp36m-manylinux_2_24_aarch64.whl", hash = "sha256:3de2db85785d466b0d781dd80b666efc33b2440d28d42c6a90a0d7d4bba4d48f"},
    {file = "psycopg_binary-3.0.9-cp36-cp36m-manylinux_2_24_i686.whl", hash = "sha256:2e151e5335fd03e946a52c2f9e865991d035b110d092e7b5290687dca4bd74f8"},
    {file = "psycopg_binary-3.0.9-cp36-cp36m-manylinux_2_24_ppc64le.whl", hash = "sha256:f881e6525593b8b52cfff481ceb0b17aa32a3f35f848671006d0d0855c04730a"},
    {file = "psycopg_binary-3.0.9-cp36-cp36m-manylinux_2_24_x86_64.whl", hash = "sha256:b6dcdefaeddd0f11bee825a87149545831bba7ed16542ffb170b42315268c876"},
    {file = "psycopg_binary-3.0.9-cp36-cp36m-musllinux_1_1_aarch64.whl", hash = "sha256:7226bf9654a43a514e7304ba98eeb8b33c4d3303ee131be0817f0bfc87cf011e"},
    {file = "psycopg_binary-3.0.9-cp36-cp36m-musllinux_1_1_i686.whl", hash = "sha256:8a538d1e171cb8a2048050b14837a10b6bc61752e896e301c56d82ad118156db"},
    {file = "psycopg_binary-3.0.9-cp36-cp36m-musllinux_1_1_ppc64le.whl", hash = "sha256:c646827d3b15eefb7f3e05d833912851e7d75d5bcba964854e3de1a479be6c10"},
    {file = "psycopg_binary-3.0.9-cp36-cp36m-musllinux_1_1_x86_64.whl", hash = "sha256:6e2377f46b60812aa7f047d076a52c9af590c53967e1bf863d7c0046a1055e01"},
    {file = "psycopg_binary-3.0.9-cp36-cp36m-win_amd64.whl", hash = "sha256:af67bef30821239c80d41ae9ac5e27f0041c0001d0f75dcacaf7caccf0ec2609"},
    {file = "psycopg_binary-3.0.9-cp37-cp37m-macosx_10_9_x86_64.whl", hash = "sha256:2b34b7f8f21ba3c5191c3d52e7968a607fed18906344aea64e22a2ff01af5978"},
    {file = "psycopg_binary-3.0.9-cp37-cp37m-manylinux_2_24_aarch64.whl", hash = "sha256:5bb20a40d62cbd3cf30ba4a545979c7a1124e2ec7205820683a62e442213fa30"},
    {file = "psycopg_binary-3.0.9-cp37-cp37m-manylinux_2_24_i686.whl", hash = "sha256:9414d955d6214f58e1e3d9cf75b9fd76ccf54c373851a6704f8d07b5ec6894ee"},
    {file = "psycopg_binary-3.0.9-cp37-cp37m-manylinux_2_24_ppc64le.whl", hash = "sha256:71c0f88e2eb54792d95d4b861e15b7442ece58d1d23592c8ec7cb4950ec8226e"},
    {file = "psycopg_binary-3.0.9-cp37-cp37m-manylinux_2_24_x86_64.whl", hash = "sha256:345dedf529dd16df164f13a8f21e69948b3212bb3f863f38c005f73d0c126348"},
    {file = "psycopg_binary-3.0.9-cp37-cp37m-musllinux_1_1_aarch64.whl", hash = "sha256:e7fad34d1c82674c84ca10dd8df7549ec8733ad6e9edc98662d51942969f37bf"},
    {file = "psycopg_binary-3.0.9-cp37-cp37m-musllinux_1_1_i686.whl", hash = "sha256:8498fa05bdad19945377121dfc96b2c60bf5563e66ac2690718abba21f92901d"},
    {file = "psycopg_binary-3.0.9-cp37-cp37m-musllinux_1_1_ppc64le.whl", hash = "sha256:9f764a3b52a63db2caa8610f1705e7c29049dc4ce6981751e479e6ac2ddb9456"},
    {file = "psycopg_binary-3.0.9-cp37-cp37m-musllinux_1_1_x86_64.whl", hash = "sha256:a69d5852989ec6974b06d60118ffa07f7727a02d855eaf0131b9f5588128765c"},
    {file = "psycopg_binary-3.0.9-cp37-cp37m-win_amd64.whl", hash = "sha256:b7196f3a555ffb2b57afcdb784adaf39aeaaf95508e2556bbc45890dede50f71"},
    {file = "psycopg_binary-3.0.9-cp38-cp38-macosx_10_9_x86_64.whl", hash = "sha256:e4a81a688ce0226da0540bdc48dffa605014da9be04ec62a419efef24a084411"},
    {file = "psycopg_binary-3.0.9-cp38-cp38-manylinux_2_24_aarch64.whl", hash = "sha256:d5d4952b4130ee6d56bbbdf74ad4eca3784b9ffad094e150563ccf1c992a9400"},
    {file = "psycopg_binary-3.0.9-cp38-cp38-manylinux_2_24_i686.whl", hash = "sha256:0a28927e55d24e6ec4c478413eefcb1dde7713653f2613cbe6a88644b9c7f6bf"},
    {file = "psycopg_binary-3.0.9-cp38-cp38-manylinux_2_24_ppc64le.whl", hash = "sha256:88c7fca75f61de1c86873af93a5c31fb9913a0040a217b3efe3afc739e98a996"},
    {file = "psycopg_binary-3.0.9-cp38-cp38-manylinux_2_24_x86_64.whl", hash = "sha256:0626036f78c3de349901b45d3947901acc987b2bc5ed4f78171b8cf34e16a5e3"},
    {file = "psycopg_binary-3.0.9-cp38-cp38-musllinux_1_1_aarch64.whl", hash = "sha256:0643a6e375f59b68fd4bf32d7b9cdce46e3097eff5861c1f60f1abcc2b7fad55"},
    {file = "psycopg_binary-3.0.9-cp38-cp38-musllinux_1_1_i686.whl", hash = "sha256:1367c3aff1950c6e89fc453ef71edae8659a2df8e8d75fb3677042262f6ba434"},
    {file = "psycopg_binary-3.0.9-cp38-cp38-musllinux_1_1_ppc64le.whl", hash = "sha256:fc61aef77228b807f09536c8071f9ae5ebfe75e49d9905224d75b6c3d9c4b5f9"},
    {file = "psycopg_binary-3.0.9-cp38-cp38-musllinux_1_1_x86_64.whl", hash = "sha256:ae246d6666736dda64d1dae041560a0af10688184036ef2a4a928723f49db18f"},
    {file = "psycopg_binary-3.0.9-cp38-cp38-win_amd64.whl", hash = "sha256:257c1c1176bee9960b3bb8f6140c9bc334bb0029bbc32a45406d81787701c573"},
    {file = "psycopg_binary-3.0.9-cp39-cp39-macosx_10_9_x86_64.whl", hash = "sha256:a5f5d298413f5cfb290a77736e0bdaeb806b18aa64ad21ab8e3d8c29f7794ab3"},
    {file = "psycopg_binary-3.0.9-cp39-cp39-manylinux_2_24_aarch64.whl", hash = "sha256:10ea618f10c1037f75ae310a92a3b4d6fe031e24d6acb912583a778169263f96"},
    {file = "psycopg_binary-3.0.9-cp39-cp39-manylinux_2_24_i686.whl", hash = "sha256:46ccf0d7809b7b91cf5e638fbf01251ee28532e5d80c4ab87c07023f0180f0a0"},
    {file = "psycopg_binary-3.0.9-cp39-cp39-manylinux_2_24_ppc64le.whl", hash = "sha256:8f19e1a4f09e4d09f6cbc9667411c1f65b9fa7ef43be0c3feb006bfcea4b163a"},
    {file = "psycopg_binary-3.0.9-cp39-cp39-manylinux_2_24_x86_64.whl", hash = "sha256:246ac63ef364dbb4f3610dc2b4a2c2f7218017ce78a059dc2ee1420671f5d08e"},
    {file = "psycopg_binary-3.0.9-cp39-cp39-musllinux_1_1_aarch64.whl", hash = "sha256:91da9bddcf8bcd289599dc5b54c8ce0e48b0fc117fd9488f0b55cd352b58c068"},
    {file = "psycopg_binary-3.0.9-cp39-cp39-musllinux_1_1_i686.whl", hash = "sha256:2a2e2cb92e92d8502dc23e3e055f757b881dd9bf44d305a194b28a0da5505d14"},
    {file = "psycopg_binary-3.0.9-cp39-cp39-musllinux_1_1_ppc64le.whl", hash = "sha256:3256757512228f715330f68ac84504e2bb0ab5599ba5729278d45dee0ac97702"},
    {file = "psycopg_binary-3.0.9-cp39-cp39-musllinux_1_1_x86_64.whl", hash = "sha256:caf9557a83fd333e1f84f49395ea9ee60aed82e9e451cf805289ad5e0d2819d7"},
    {file = "psycopg_binary-3.0.9-cp39-cp39-win_amd64.whl", hash = "sha256:c3688bf7e539a184ecebcf47eccea8c3640c8176c2ccd75b9d07c5cb4a288446"},
]
tzdata = [
    {file = "tzdata-2021.5-py2.py3-none-any.whl", hash = "sha256:3eee491e22ebfe1e5cfcc97a4137cd70f092ce59144d81f8924a844de05ba8f5"},
    {file = "tzdata-2021.5.tar.gz", hash = "sha256:68dbe41afd01b867894bbdfd54fa03f468cfa4f0086bfb4adcd8de8f24f3ee21"},
]
